// !$*UTF8*$!
{
	archiveVersion = 1;
	classes = {
	};
	objectVersion = 46;
	objects = {

/* Begin PBXBuildFile section */
		3652B1CA576817EDC8940E76 /* DDMapper.m in Sources */ = {isa = PBXBuildFile; fileRef = 3652BE2CA670177893DCBDD1 /* DDMapper.m */; };
		3652B27BD231275B520E12D4 /* DDHasManyMapping.m in Sources */ = {isa = PBXBuildFile; fileRef = 3652BF62E9B2EE17337477C2 /* DDHasManyMapping.m */; };
		3652B3CDD1EE4B5B9AF577DE /* MockObjects.m in Sources */ = {isa = PBXBuildFile; fileRef = 3652BBA0E0D7D486ACD630D8 /* MockObjects.m */; };
		3652B3E93B144A1C79672185 /* NSArray+DDShufflingAdditions.m in Sources */ = {isa = PBXBuildFile; fileRef = 3652B00D25A8BD264E617D21 /* NSArray+DDShufflingAdditions.m */; };
		3652B41920BE285FDAE23DA6 /* UIColor+DDColorAdditions.m in Sources */ = {isa = PBXBuildFile; fileRef = 3652BA70C853C2716681A779 /* UIColor+DDColorAdditions.m */; };
		3652B509F7FD70D729CC9B50 /* DDMathUtils.m in Sources */ = {isa = PBXBuildFile; fileRef = 3652BC30C5E3ADB73FA20DED /* DDMathUtils.m */; };
		3652B53D00F65C1CD9077D04 /* DDDateValueMapping.m in Sources */ = {isa = PBXBuildFile; fileRef = 3652BCFBDECF4271D7D097B0 /* DDDateValueMapping.m */; };
		3652B672E37423894E56C4FF /* UIButton+DDHitAreaInsetAdditions.m in Sources */ = {isa = PBXBuildFile; fileRef = 3652BAABB11AF3821AB34E44 /* UIButton+DDHitAreaInsetAdditions.m */; };
		3652B70D9B2C2CEE097FF371 /* DDKeyFieldMapping.m in Sources */ = {isa = PBXBuildFile; fileRef = 3652B64DDE423CC51001271E /* DDKeyFieldMapping.m */; };
		3652B86F3627610109AF283B /* DDHasManyMappingTests.m in Sources */ = {isa = PBXBuildFile; fileRef = 3652B459B01076BAB43A7C93 /* DDHasManyMappingTests.m */; };
		3652B8BFA040DFB4BD43D6DF /* DDHasOneMapping.m in Sources */ = {isa = PBXBuildFile; fileRef = 3652BA1FAFBA87B3F5840D1F /* DDHasOneMapping.m */; };
		3652B8C5BE0C9CB631EECD4D /* DDDateValueMappingTests.m in Sources */ = {isa = PBXBuildFile; fileRef = 3652B446EB6629A6D2D4265A /* DDDateValueMappingTests.m */; };
		3652B9270F86D4AD4F4365E7 /* DDKeyFieldMappingTests.m in Sources */ = {isa = PBXBuildFile; fileRef = 3652B3E179ECA186C0630A44 /* DDKeyFieldMappingTests.m */; };
		3652BB2C8E03A5ACC5ED1B16 /* DDObjectMapping.m in Sources */ = {isa = PBXBuildFile; fileRef = 3652B1CBA876A6126454BFD3 /* DDObjectMapping.m */; };
		3652BCEA799883D22B289A29 /* DDBlockValueMapping.m in Sources */ = {isa = PBXBuildFile; fileRef = 3652BF7A302498C9F1D5B15B /* DDBlockValueMapping.m */; };
		3652BD1FE8A8375164A540BE /* DDHasOneMappingTests.m in Sources */ = {isa = PBXBuildFile; fileRef = 3652B01E5649E48A8D7D707F /* DDHasOneMappingTests.m */; };
		BB03522618ACE6E2001F0833 /* Foundation.framework in Frameworks */ = {isa = PBXBuildFile; fileRef = BB03522518ACE6E2001F0833 /* Foundation.framework */; };
		BB03523418ACE6E2001F0833 /* XCTest.framework in Frameworks */ = {isa = PBXBuildFile; fileRef = BB03523318ACE6E2001F0833 /* XCTest.framework */; };
		BB03523518ACE6E2001F0833 /* Foundation.framework in Frameworks */ = {isa = PBXBuildFile; fileRef = BB03522518ACE6E2001F0833 /* Foundation.framework */; };
		BB03523718ACE6E2001F0833 /* UIKit.framework in Frameworks */ = {isa = PBXBuildFile; fileRef = BB03523618ACE6E2001F0833 /* UIKit.framework */; };
		BB03523A18ACE6E2001F0833 /* libDDFoundationLib.a in Frameworks */ = {isa = PBXBuildFile; fileRef = BB03522318ACE6E2001F0833 /* libDDFoundationLib.a */; };
		BB03527718ACF160001F0833 /* DDFoundationLibTests-Info.plist in Resources */ = {isa = PBXBuildFile; fileRef = BB03527518ACF160001F0833 /* DDFoundationLibTests-Info.plist */; };
		BB933B5018B2812100B1558A /* DDMapperTests.m in Sources */ = {isa = PBXBuildFile; fileRef = 3652B6BFC4E6E56B567B1DFD /* DDMapperTests.m */; };
/* End PBXBuildFile section */

/* Begin PBXContainerItemProxy section */
		BB03523818ACE6E2001F0833 /* PBXContainerItemProxy */ = {
			isa = PBXContainerItemProxy;
			containerPortal = 3652BDED9E7207DBBD70D744 /* Project object */;
			proxyType = 1;
			remoteGlobalIDString = BB03522218ACE6E2001F0833;
			remoteInfo = DDFoundationLib;
		};
/* End PBXContainerItemProxy section */

/* Begin PBXCopyFilesBuildPhase section */
		BB03522118ACE6E2001F0833 /* CopyFiles */ = {
			isa = PBXCopyFilesBuildPhase;
			buildActionMask = 2147483647;
			dstPath = "include/$(PRODUCT_NAME)";
			dstSubfolderSpec = 16;
			files = (
			);
			runOnlyForDeploymentPostprocessing = 0;
		};
/* End PBXCopyFilesBuildPhase section */

/* Begin PBXFileReference section */
		3652B00D25A8BD264E617D21 /* NSArray+DDShufflingAdditions.m */ = {isa = PBXFileReference; fileEncoding = 4; lastKnownFileType = sourcecode.c.objc; path = "NSArray+DDShufflingAdditions.m"; sourceTree = "<group>"; };
		3652B01E5649E48A8D7D707F /* DDHasOneMappingTests.m */ = {isa = PBXFileReference; fileEncoding = 4; lastKnownFileType = sourcecode.c.objc; path = DDHasOneMappingTests.m; sourceTree = "<group>"; };
		3652B0626594C7B045D1909B /* UIButton+DDHitAreaInsetAdditions.h */ = {isa = PBXFileReference; fileEncoding = 4; lastKnownFileType = sourcecode.c.h; path = "UIButton+DDHitAreaInsetAdditions.h"; sourceTree = "<group>"; };
		3652B172EB73010A7BD629D4 /* DDDateValueMapping.h */ = {isa = PBXFileReference; fileEncoding = 4; lastKnownFileType = sourcecode.c.h; path = DDDateValueMapping.h; sourceTree = "<group>"; };
		3652B1CBA876A6126454BFD3 /* DDObjectMapping.m */ = {isa = PBXFileReference; fileEncoding = 4; lastKnownFileType = sourcecode.c.objc; path = DDObjectMapping.m; sourceTree = "<group>"; };
		3652B1DF21E4EB85F6BF427B /* DDHasOneMapping.h */ = {isa = PBXFileReference; fileEncoding = 4; lastKnownFileType = sourcecode.c.h; path = DDHasOneMapping.h; sourceTree = "<group>"; };
		3652B24B85DB65568A2E2A35 /* DDMapping.h */ = {isa = PBXFileReference; fileEncoding = 4; lastKnownFileType = sourcecode.c.h; path = DDMapping.h; sourceTree = "<group>"; };
		3652B2CD779331F8A9106EB0 /* DDMapper.h */ = {isa = PBXFileReference; fileEncoding = 4; lastKnownFileType = sourcecode.c.h; path = DDMapper.h; sourceTree = "<group>"; };
		3652B3E179ECA186C0630A44 /* DDKeyFieldMappingTests.m */ = {isa = PBXFileReference; fileEncoding = 4; lastKnownFileType = sourcecode.c.objc; path = DDKeyFieldMappingTests.m; sourceTree = "<group>"; };
		3652B3F9E405BB70B5C4BD9F /* DDBlockValueMapping.h */ = {isa = PBXFileReference; fileEncoding = 4; lastKnownFileType = sourcecode.c.h; path = DDBlockValueMapping.h; sourceTree = "<group>"; };
		3652B446EB6629A6D2D4265A /* DDDateValueMappingTests.m */ = {isa = PBXFileReference; fileEncoding = 4; lastKnownFileType = sourcecode.c.objc; path = DDDateValueMappingTests.m; sourceTree = "<group>"; };
		3652B459B01076BAB43A7C93 /* DDHasManyMappingTests.m */ = {isa = PBXFileReference; fileEncoding = 4; lastKnownFileType = sourcecode.c.objc; path = DDHasManyMappingTests.m; sourceTree = "<group>"; };
		3652B5F5CBCC19EACE1385C1 /* DDKeyFieldMapping.h */ = {isa = PBXFileReference; fileEncoding = 4; lastKnownFileType = sourcecode.c.h; path = DDKeyFieldMapping.h; sourceTree = "<group>"; };
		3652B64BE33DA12846A55313 /* DDHasManyMapping.h */ = {isa = PBXFileReference; fileEncoding = 4; lastKnownFileType = sourcecode.c.h; path = DDHasManyMapping.h; sourceTree = "<group>"; };
		3652B64DDE423CC51001271E /* DDKeyFieldMapping.m */ = {isa = PBXFileReference; fileEncoding = 4; lastKnownFileType = sourcecode.c.objc; path = DDKeyFieldMapping.m; sourceTree = "<group>"; };
		3652B6BFC4E6E56B567B1DFD /* DDMapperTests.m */ = {isa = PBXFileReference; fileEncoding = 4; lastKnownFileType = sourcecode.c.objc; path = DDMapperTests.m; sourceTree = "<group>"; };
		3652B716733D9848E7E410C8 /* DDMathUtils.h */ = {isa = PBXFileReference; fileEncoding = 4; lastKnownFileType = sourcecode.c.h; path = DDMathUtils.h; sourceTree = "<group>"; };
		3652B883E56A2233DA76A81B /* UIColor+DDColorAdditions.h */ = {isa = PBXFileReference; fileEncoding = 4; lastKnownFileType = sourcecode.c.h; path = "UIColor+DDColorAdditions.h"; sourceTree = "<group>"; };
		3652B92ACA9E749847B878C9 /* DDObjectMapping.h */ = {isa = PBXFileReference; fileEncoding = 4; lastKnownFileType = sourcecode.c.h; path = DDObjectMapping.h; sourceTree = "<group>"; };
		3652B9C8C0F94E4C2F37E0B5 /* NSArray+DDShufflingAdditions.h */ = {isa = PBXFileReference; fileEncoding = 4; lastKnownFileType = sourcecode.c.h; path = "NSArray+DDShufflingAdditions.h"; sourceTree = "<group>"; };
		3652BA1FAFBA87B3F5840D1F /* DDHasOneMapping.m */ = {isa = PBXFileReference; fileEncoding = 4; lastKnownFileType = sourcecode.c.objc; path = DDHasOneMapping.m; sourceTree = "<group>"; };
		3652BA70C853C2716681A779 /* UIColor+DDColorAdditions.m */ = {isa = PBXFileReference; fileEncoding = 4; lastKnownFileType = sourcecode.c.objc; path = "UIColor+DDColorAdditions.m"; sourceTree = "<group>"; };
		3652BA9D8CEA86C9F3B461FA /* MockObjects.h */ = {isa = PBXFileReference; fileEncoding = 4; lastKnownFileType = sourcecode.c.h; path = MockObjects.h; sourceTree = "<group>"; };
		3652BAABB11AF3821AB34E44 /* UIButton+DDHitAreaInsetAdditions.m */ = {isa = PBXFileReference; fileEncoding = 4; lastKnownFileType = sourcecode.c.objc; path = "UIButton+DDHitAreaInsetAdditions.m"; sourceTree = "<group>"; };
		3652BBA0E0D7D486ACD630D8 /* MockObjects.m */ = {isa = PBXFileReference; fileEncoding = 4; lastKnownFileType = sourcecode.c.objc; path = MockObjects.m; sourceTree = "<group>"; };
		3652BC30C5E3ADB73FA20DED /* DDMathUtils.m */ = {isa = PBXFileReference; fileEncoding = 4; lastKnownFileType = sourcecode.c.objc; path = DDMathUtils.m; sourceTree = "<group>"; };
		3652BCFBDECF4271D7D097B0 /* DDDateValueMapping.m */ = {isa = PBXFileReference; fileEncoding = 4; lastKnownFileType = sourcecode.c.objc; path = DDDateValueMapping.m; sourceTree = "<group>"; };
		3652BE2CA670177893DCBDD1 /* DDMapper.m */ = {isa = PBXFileReference; fileEncoding = 4; lastKnownFileType = sourcecode.c.objc; path = DDMapper.m; sourceTree = "<group>"; };
		3652BF62E9B2EE17337477C2 /* DDHasManyMapping.m */ = {isa = PBXFileReference; fileEncoding = 4; lastKnownFileType = sourcecode.c.objc; path = DDHasManyMapping.m; sourceTree = "<group>"; };
		3652BF7A302498C9F1D5B15B /* DDBlockValueMapping.m */ = {isa = PBXFileReference; fileEncoding = 4; lastKnownFileType = sourcecode.c.objc; path = DDBlockValueMapping.m; sourceTree = "<group>"; };
		BB03522318ACE6E2001F0833 /* libDDFoundationLib.a */ = {isa = PBXFileReference; explicitFileType = archive.ar; includeInIndex = 0; path = libDDFoundationLib.a; sourceTree = BUILT_PRODUCTS_DIR; };
		BB03522518ACE6E2001F0833 /* Foundation.framework */ = {isa = PBXFileReference; lastKnownFileType = wrapper.framework; name = Foundation.framework; path = System/Library/Frameworks/Foundation.framework; sourceTree = SDKROOT; };
		BB03523218ACE6E2001F0833 /* DDFoundationLibTests.xctest */ = {isa = PBXFileReference; explicitFileType = wrapper.cfbundle; includeInIndex = 0; path = DDFoundationLibTests.xctest; sourceTree = BUILT_PRODUCTS_DIR; };
		BB03523318ACE6E2001F0833 /* XCTest.framework */ = {isa = PBXFileReference; lastKnownFileType = wrapper.framework; name = XCTest.framework; path = Library/Frameworks/XCTest.framework; sourceTree = DEVELOPER_DIR; };
		BB03523618ACE6E2001F0833 /* UIKit.framework */ = {isa = PBXFileReference; lastKnownFileType = wrapper.framework; name = UIKit.framework; path = Library/Frameworks/UIKit.framework; sourceTree = DEVELOPER_DIR; };
		BB03524A18ACE730001F0833 /* DDFoundation.h */ = {isa = PBXFileReference; fileEncoding = 4; lastKnownFileType = sourcecode.c.h; path = DDFoundation.h; sourceTree = "<group>"; };
		BB03527518ACF160001F0833 /* DDFoundationLibTests-Info.plist */ = {isa = PBXFileReference; fileEncoding = 4; lastKnownFileType = text.plist.xml; path = "DDFoundationLibTests-Info.plist"; sourceTree = "<group>"; };
		BB03527618ACF160001F0833 /* DDFoundationLibTests-Prefix.pch */ = {isa = PBXFileReference; fileEncoding = 4; lastKnownFileType = sourcecode.c.h; path = "DDFoundationLibTests-Prefix.pch"; sourceTree = "<group>"; };
/* End PBXFileReference section */

/* Begin PBXFrameworksBuildPhase section */
		BB03522018ACE6E2001F0833 /* Frameworks */ = {
			isa = PBXFrameworksBuildPhase;
			buildActionMask = 2147483647;
			files = (
				BB03522618ACE6E2001F0833 /* Foundation.framework in Frameworks */,
			);
			runOnlyForDeploymentPostprocessing = 0;
		};
		BB03522F18ACE6E2001F0833 /* Frameworks */ = {
			isa = PBXFrameworksBuildPhase;
			buildActionMask = 2147483647;
			files = (
				BB03523A18ACE6E2001F0833 /* libDDFoundationLib.a in Frameworks */,
				BB03523418ACE6E2001F0833 /* XCTest.framework in Frameworks */,
				BB03523718ACE6E2001F0833 /* UIKit.framework in Frameworks */,
				BB03523518ACE6E2001F0833 /* Foundation.framework in Frameworks */,
			);
			runOnlyForDeploymentPostprocessing = 0;
		};
/* End PBXFrameworksBuildPhase section */

/* Begin PBXGroup section */
		3652B2CA7FDF56E15137F856 /* button */ = {
			isa = PBXGroup;
			children = (
				3652BAABB11AF3821AB34E44 /* UIButton+DDHitAreaInsetAdditions.m */,
				3652B0626594C7B045D1909B /* UIButton+DDHitAreaInsetAdditions.h */,
			);
			path = button;
			sourceTree = "<group>";
		};
		3652B31C74222C366D16D497 /* mapping */ = {
			isa = PBXGroup;
			children = (
				3652B24B85DB65568A2E2A35 /* DDMapping.h */,
				3652B64DDE423CC51001271E /* DDKeyFieldMapping.m */,
				3652B5F5CBCC19EACE1385C1 /* DDKeyFieldMapping.h */,
				3652BA1FAFBA87B3F5840D1F /* DDHasOneMapping.m */,
				3652B1DF21E4EB85F6BF427B /* DDHasOneMapping.h */,
				3652BF62E9B2EE17337477C2 /* DDHasManyMapping.m */,
				3652B64BE33DA12846A55313 /* DDHasManyMapping.h */,
				3652BF7A302498C9F1D5B15B /* DDBlockValueMapping.m */,
				3652B3F9E405BB70B5C4BD9F /* DDBlockValueMapping.h */,
				3652BCFBDECF4271D7D097B0 /* DDDateValueMapping.m */,
				3652B172EB73010A7BD629D4 /* DDDateValueMapping.h */,
			);
			path = mapping;
			sourceTree = "<group>";
		};
		3652B342143F32A5549081DB /* mock */ = {
			isa = PBXGroup;
			children = (
				3652BBA0E0D7D486ACD630D8 /* MockObjects.m */,
				3652BA9D8CEA86C9F3B461FA /* MockObjects.h */,
			);
			path = mock;
			sourceTree = "<group>";
		};
		3652B55417867F71E4B96B89 /* color */ = {
			isa = PBXGroup;
			children = (
				3652B883E56A2233DA76A81B /* UIColor+DDColorAdditions.h */,
				3652BA70C853C2716681A779 /* UIColor+DDColorAdditions.m */,
			);
			path = color;
			sourceTree = "<group>";
		};
		3652B58BE90AB1CDA4727BF3 /* additions */ = {
			isa = PBXGroup;
			children = (
				3652B901479622AD721E2271 /* color */,
			);
			path = additions;
			sourceTree = "<group>";
		};
		3652B7C9E78FC1DC8BCCE05A /* Products */ = {
			isa = PBXGroup;
			children = (
				BB03522318ACE6E2001F0833 /* libDDFoundationLib.a */,
				BB03523218ACE6E2001F0833 /* DDFoundationLibTests.xctest */,
			);
			name = Products;
			sourceTree = "<group>";
		};
		3652B8AEE312C0ADE75DDE44 /* mapping */ = {
			isa = PBXGroup;
			children = (
				3652B459B01076BAB43A7C93 /* DDHasManyMappingTests.m */,
				3652B01E5649E48A8D7D707F /* DDHasOneMappingTests.m */,
				3652B3E179ECA186C0630A44 /* DDKeyFieldMappingTests.m */,
				3652B446EB6629A6D2D4265A /* DDDateValueMappingTests.m */,
			);
			path = mapping;
			sourceTree = "<group>";
		};
		3652B901479622AD721E2271 /* color */ = {
			isa = PBXGroup;
			children = (
			);
			path = color;
			sourceTree = "<group>";
		};
		3652BB6AE1C91106806B5218 /* mapper */ = {
			isa = PBXGroup;
			children = (
				3652B8AEE312C0ADE75DDE44 /* mapping */,
				3652B6BFC4E6E56B567B1DFD /* DDMapperTests.m */,
			);
			path = mapper;
			sourceTree = "<group>";
		};
		3652BC1D7B09DC5770C08905 /* math */ = {
			isa = PBXGroup;
			children = (
				3652BC30C5E3ADB73FA20DED /* DDMathUtils.m */,
				3652B716733D9848E7E410C8 /* DDMathUtils.h */,
			);
			path = math;
			sourceTree = "<group>";
		};
		3652BEEAC4909082466D3FC3 = {
			isa = PBXGroup;
			children = (
				BB03525818ACEF3E001F0833 /* tests */,
				BB03524918ACE730001F0833 /* src */,
				BB03522418ACE6E2001F0833 /* Frameworks */,
				3652B7C9E78FC1DC8BCCE05A /* Products */,
			);
			sourceTree = "<group>";
		};
		3652BF9EBB862BCEFAF797A5 /* array */ = {
			isa = PBXGroup;
			children = (
				3652B00D25A8BD264E617D21 /* NSArray+DDShufflingAdditions.m */,
				3652B9C8C0F94E4C2F37E0B5 /* NSArray+DDShufflingAdditions.h */,
			);
			path = array;
			sourceTree = "<group>";
		};
		BB03522418ACE6E2001F0833 /* Frameworks */ = {
			isa = PBXGroup;
			children = (
				BB03522518ACE6E2001F0833 /* Foundation.framework */,
				BB03523318ACE6E2001F0833 /* XCTest.framework */,
				BB03523618ACE6E2001F0833 /* UIKit.framework */,
			);
			name = Frameworks;
			sourceTree = "<group>";
		};
		BB03524918ACE730001F0833 /* src */ = {
			isa = PBXGroup;
			children = (
				BB03524A18ACE730001F0833 /* DDFoundation.h */,
				BB03525018ACE730001F0833 /* additions */,
				BB03525318ACE730001F0833 /* metrics */,
				BB03525418ACE730001F0833 /* mapper */,
				3652BC1D7B09DC5770C08905 /* math */,
			);
			path = src;
			sourceTree = "<group>";
		};
		BB03525018ACE730001F0833 /* additions */ = {
			isa = PBXGroup;
			children = (
				3652B55417867F71E4B96B89 /* color */,
				3652BF9EBB862BCEFAF797A5 /* array */,
				3652B2CA7FDF56E15137F856 /* button */,
			);
			path = additions;
			sourceTree = "<group>";
		};
		BB03525318ACE730001F0833 /* metrics */ = {
			isa = PBXGroup;
			children = (
			);
			path = metrics;
			sourceTree = "<group>";
		};
		BB03525418ACE730001F0833 /* mapper */ = {
			isa = PBXGroup;
			children = (
				3652BE2CA670177893DCBDD1 /* DDMapper.m */,
				3652B2CD779331F8A9106EB0 /* DDMapper.h */,
				3652B1CBA876A6126454BFD3 /* DDObjectMapping.m */,
				3652B92ACA9E749847B878C9 /* DDObjectMapping.h */,
				3652B31C74222C366D16D497 /* mapping */,
			);
			path = mapper;
			sourceTree = "<group>";
		};
		BB03525818ACEF3E001F0833 /* tests */ = {
			isa = PBXGroup;
			children = (
				BB03527518ACF160001F0833 /* DDFoundationLibTests-Info.plist */,
				BB03527618ACF160001F0833 /* DDFoundationLibTests-Prefix.pch */,
				3652BB6AE1C91106806B5218 /* mapper */,
				3652B58BE90AB1CDA4727BF3 /* additions */,
				3652B342143F32A5549081DB /* mock */,
			);
			path = tests;
			sourceTree = "<group>";
		};
/* End PBXGroup section */

/* Begin PBXNativeTarget section */
		BB03522218ACE6E2001F0833 /* DDFoundationLib */ = {
			isa = PBXNativeTarget;
			buildConfigurationList = BB03524718ACE6E2001F0833 /* Build configuration list for PBXNativeTarget "DDFoundationLib" */;
			buildPhases = (
				BB03521F18ACE6E2001F0833 /* Sources */,
				BB03522018ACE6E2001F0833 /* Frameworks */,
				BB03522118ACE6E2001F0833 /* CopyFiles */,
			);
			buildRules = (
			);
			dependencies = (
			);
			name = DDFoundationLib;
			productName = DDFoundationLib;
			productReference = BB03522318ACE6E2001F0833 /* libDDFoundationLib.a */;
			productType = "com.apple.product-type.library.static";
		};
		BB03523118ACE6E2001F0833 /* DDFoundationLibTests */ = {
			isa = PBXNativeTarget;
			buildConfigurationList = BB03524818ACE6E2001F0833 /* Build configuration list for PBXNativeTarget "DDFoundationLibTests" */;
			buildPhases = (
				BB03522E18ACE6E2001F0833 /* Sources */,
				BB03522F18ACE6E2001F0833 /* Frameworks */,
				BB03523018ACE6E2001F0833 /* Resources */,
			);
			buildRules = (
			);
			dependencies = (
				BB03523918ACE6E2001F0833 /* PBXTargetDependency */,
			);
			name = DDFoundationLibTests;
			productName = DDFoundationLibTests;
			productReference = BB03523218ACE6E2001F0833 /* DDFoundationLibTests.xctest */;
			productType = "com.apple.product-type.bundle.unit-test";
		};
/* End PBXNativeTarget section */

/* Begin PBXProject section */
		3652BDED9E7207DBBD70D744 /* Project object */ = {
			isa = PBXProject;
			attributes = {
			};
			buildConfigurationList = 3652B34CA6A9F24FF2F78D1F /* Build configuration list for PBXProject "DDFoundation" */;
			compatibilityVersion = "Xcode 3.2";
			developmentRegion = English;
			hasScannedForEncodings = 0;
			knownRegions = (
				en,
			);
			mainGroup = 3652BEEAC4909082466D3FC3;
			productRefGroup = 3652B7C9E78FC1DC8BCCE05A /* Products */;
			projectDirPath = "";
			projectRoot = "";
			targets = (
				BB03522218ACE6E2001F0833 /* DDFoundationLib */,
				BB03523118ACE6E2001F0833 /* DDFoundationLibTests */,
			);
		};
/* End PBXProject section */

/* Begin PBXResourcesBuildPhase section */
		BB03523018ACE6E2001F0833 /* Resources */ = {
			isa = PBXResourcesBuildPhase;
			buildActionMask = 2147483647;
			files = (
				BB03527718ACF160001F0833 /* DDFoundationLibTests-Info.plist in Resources */,
			);
			runOnlyForDeploymentPostprocessing = 0;
		};
/* End PBXResourcesBuildPhase section */

/* Begin PBXSourcesBuildPhase section */
		BB03521F18ACE6E2001F0833 /* Sources */ = {
			isa = PBXSourcesBuildPhase;
			buildActionMask = 2147483647;
			files = (
				3652B1CA576817EDC8940E76 /* DDMapper.m in Sources */,
				3652BB2C8E03A5ACC5ED1B16 /* DDObjectMapping.m in Sources */,
				3652B70D9B2C2CEE097FF371 /* DDKeyFieldMapping.m in Sources */,
				3652B8BFA040DFB4BD43D6DF /* DDHasOneMapping.m in Sources */,
				3652B27BD231275B520E12D4 /* DDHasManyMapping.m in Sources */,
				3652B41920BE285FDAE23DA6 /* UIColor+DDColorAdditions.m in Sources */,
				3652B3CDD1EE4B5B9AF577DE /* MockObjects.m in Sources */,
				3652BCEA799883D22B289A29 /* DDBlockValueMapping.m in Sources */,
				3652B53D00F65C1CD9077D04 /* DDDateValueMapping.m in Sources */,
				3652B509F7FD70D729CC9B50 /* DDMathUtils.m in Sources */,
				3652B3E93B144A1C79672185 /* NSArray+DDShufflingAdditions.m in Sources */,
				3652B672E37423894E56C4FF /* UIButton+DDHitAreaInsetAdditions.m in Sources */,
			);
			runOnlyForDeploymentPostprocessing = 0;
		};
		BB03522E18ACE6E2001F0833 /* Sources */ = {
			isa = PBXSourcesBuildPhase;
			buildActionMask = 2147483647;
			files = (
				BB933B5018B2812100B1558A /* DDMapperTests.m in Sources */,
				3652B86F3627610109AF283B /* DDHasManyMappingTests.m in Sources */,
				3652BD1FE8A8375164A540BE /* DDHasOneMappingTests.m in Sources */,
				3652B9270F86D4AD4F4365E7 /* DDKeyFieldMappingTests.m in Sources */,
				3652B8C5BE0C9CB631EECD4D /* DDDateValueMappingTests.m in Sources */,
			);
			runOnlyForDeploymentPostprocessing = 0;
		};
/* End PBXSourcesBuildPhase section */

/* Begin PBXTargetDependency section */
		BB03523918ACE6E2001F0833 /* PBXTargetDependency */ = {
			isa = PBXTargetDependency;
			target = BB03522218ACE6E2001F0833 /* DDFoundationLib */;
			targetProxy = BB03523818ACE6E2001F0833 /* PBXContainerItemProxy */;
		};
/* End PBXTargetDependency section */

/* Begin XCBuildConfiguration section */
		3652B059D3A80D087B52AA6D /* Debug */ = {
			isa = XCBuildConfiguration;
			buildSettings = {
			};
			name = Debug;
		};
		3652BAD2B9FDD9155E71FFCE /* Release */ = {
			isa = XCBuildConfiguration;
			buildSettings = {
			};
			name = Release;
		};
		BB03524318ACE6E2001F0833 /* Release */ = {
			isa = XCBuildConfiguration;
			buildSettings = {
				ALWAYS_SEARCH_USER_PATHS = NO;
				ARCHS = "$(ARCHS_STANDARD_INCLUDING_64_BIT)";
				CLANG_CXX_LANGUAGE_STANDARD = "gnu++0x";
				CLANG_CXX_LIBRARY = "libc++";
				CLANG_ENABLE_MODULES = YES;
				CLANG_ENABLE_OBJC_ARC = YES;
				CLANG_WARN_BOOL_CONVERSION = YES;
				CLANG_WARN_CONSTANT_CONVERSION = YES;
				CLANG_WARN_DIRECT_OBJC_ISA_USAGE = YES_ERROR;
				CLANG_WARN_EMPTY_BODY = YES;
				CLANG_WARN_ENUM_CONVERSION = YES;
				CLANG_WARN_INT_CONVERSION = YES;
				CLANG_WARN_OBJC_ROOT_CLASS = YES_ERROR;
				CLANG_WARN__DUPLICATE_METHOD_MATCH = YES;
				COPY_PHASE_STRIP = YES;
				DSTROOT = /tmp/DDFoundationLib.dst;
				ENABLE_NS_ASSERTIONS = NO;
				GCC_C_LANGUAGE_STANDARD = gnu99;
				GCC_PRECOMPILE_PREFIX_HEADER = YES;
				GCC_WARN_64_TO_32_BIT_CONVERSION = YES;
				GCC_WARN_ABOUT_RETURN_TYPE = YES_ERROR;
				GCC_WARN_UNDECLARED_SELECTOR = YES;
				GCC_WARN_UNINITIALIZED_AUTOS = YES;
				GCC_WARN_UNUSED_FUNCTION = YES;
				GCC_WARN_UNUSED_VARIABLE = YES;
				IPHONEOS_DEPLOYMENT_TARGET = 7.0;
				OTHER_LDFLAGS = "-ObjC";
				PRODUCT_NAME = "$(TARGET_NAME)";
				SDKROOT = iphoneos;
				SKIP_INSTALL = YES;
				VALIDATE_PRODUCT = YES;
			};
			name = Release;
		};
		BB03524418ACE6E2001F0833 /* Debug */ = {
			isa = XCBuildConfiguration;
			buildSettings = {
				ALWAYS_SEARCH_USER_PATHS = NO;
				ARCHS = "$(ARCHS_STANDARD_INCLUDING_64_BIT)";
				CLANG_CXX_LANGUAGE_STANDARD = "gnu++0x";
				CLANG_CXX_LIBRARY = "libc++";
				CLANG_ENABLE_MODULES = YES;
				CLANG_ENABLE_OBJC_ARC = YES;
				CLANG_WARN_BOOL_CONVERSION = YES;
				CLANG_WARN_CONSTANT_CONVERSION = YES;
				CLANG_WARN_DIRECT_OBJC_ISA_USAGE = YES_ERROR;
				CLANG_WARN_EMPTY_BODY = YES;
				CLANG_WARN_ENUM_CONVERSION = YES;
				CLANG_WARN_INT_CONVERSION = YES;
				CLANG_WARN_OBJC_ROOT_CLASS = YES_ERROR;
				CLANG_WARN__DUPLICATE_METHOD_MATCH = YES;
				COPY_PHASE_STRIP = NO;
				DSTROOT = /tmp/DDFoundationLib.dst;
				GCC_C_LANGUAGE_STANDARD = gnu99;
				GCC_DYNAMIC_NO_PIC = NO;
				GCC_OPTIMIZATION_LEVEL = 0;
				GCC_PRECOMPILE_PREFIX_HEADER = YES;
				GCC_PREPROCESSOR_DEFINITIONS = (
					"DEBUG=1",
					"$(inherited)",
				);
				GCC_SYMBOLS_PRIVATE_EXTERN = NO;
				GCC_WARN_64_TO_32_BIT_CONVERSION = YES;
				GCC_WARN_ABOUT_RETURN_TYPE = YES_ERROR;
				GCC_WARN_UNDECLARED_SELECTOR = YES;
				GCC_WARN_UNINITIALIZED_AUTOS = YES;
				GCC_WARN_UNUSED_FUNCTION = YES;
				GCC_WARN_UNUSED_VARIABLE = YES;
				IPHONEOS_DEPLOYMENT_TARGET = 7.0;
				ONLY_ACTIVE_ARCH = YES;
				OTHER_LDFLAGS = "-ObjC";
				PRODUCT_NAME = "$(TARGET_NAME)";
				SDKROOT = iphoneos;
				SKIP_INSTALL = YES;
			};
			name = Debug;
		};
		BB03524518ACE6E2001F0833 /* Release */ = {
			isa = XCBuildConfiguration;
			buildSettings = {
				ALWAYS_SEARCH_USER_PATHS = NO;
				ARCHS = "$(ARCHS_STANDARD_INCLUDING_64_BIT)";
				CLANG_CXX_LANGUAGE_STANDARD = "gnu++0x";
				CLANG_CXX_LIBRARY = "libc++";
				CLANG_ENABLE_MODULES = YES;
				CLANG_ENABLE_OBJC_ARC = YES;
				CLANG_WARN_BOOL_CONVERSION = YES;
				CLANG_WARN_CONSTANT_CONVERSION = YES;
				CLANG_WARN_DIRECT_OBJC_ISA_USAGE = YES_ERROR;
				CLANG_WARN_EMPTY_BODY = YES;
				CLANG_WARN_ENUM_CONVERSION = YES;
				CLANG_WARN_INT_CONVERSION = YES;
				CLANG_WARN_OBJC_ROOT_CLASS = YES_ERROR;
				CLANG_WARN__DUPLICATE_METHOD_MATCH = YES;
				COPY_PHASE_STRIP = YES;
				ENABLE_NS_ASSERTIONS = NO;
				FRAMEWORK_SEARCH_PATHS = (
					"$(SDKROOT)/Developer/Library/Frameworks",
					"$(inherited)",
					"$(DEVELOPER_FRAMEWORKS_DIR)",
				);
				GCC_C_LANGUAGE_STANDARD = gnu99;
				GCC_PRECOMPILE_PREFIX_HEADER = YES;
				GCC_PREFIX_HEADER = "tests/DDFoundationLibTests-Prefix.pch";
				GCC_WARN_64_TO_32_BIT_CONVERSION = YES;
				GCC_WARN_ABOUT_RETURN_TYPE = YES_ERROR;
				GCC_WARN_UNDECLARED_SELECTOR = YES;
				GCC_WARN_UNINITIALIZED_AUTOS = YES;
				GCC_WARN_UNUSED_FUNCTION = YES;
				GCC_WARN_UNUSED_VARIABLE = YES;
				INFOPLIST_FILE = "tests/DDFoundationLibTests-Info.plist";
				IPHONEOS_DEPLOYMENT_TARGET = 7.0;
				PRODUCT_NAME = "$(TARGET_NAME)";
				SDKROOT = iphoneos;
				VALIDATE_PRODUCT = YES;
				WRAPPER_EXTENSION = xctest;
			};
			name = Release;
		};
		BB03524618ACE6E2001F0833 /* Debug */ = {
			isa = XCBuildConfiguration;
			buildSettings = {
				ALWAYS_SEARCH_USER_PATHS = NO;
				ARCHS = "$(ARCHS_STANDARD_INCLUDING_64_BIT)";
				CLANG_CXX_LANGUAGE_STANDARD = "gnu++0x";
				CLANG_CXX_LIBRARY = "libc++";
				CLANG_ENABLE_MODULES = YES;
				CLANG_ENABLE_OBJC_ARC = YES;
				CLANG_WARN_BOOL_CONVERSION = YES;
				CLANG_WARN_CONSTANT_CONVERSION = YES;
				CLANG_WARN_DIRECT_OBJC_ISA_USAGE = YES_ERROR;
				CLANG_WARN_EMPTY_BODY = YES;
				CLANG_WARN_ENUM_CONVERSION = YES;
				CLANG_WARN_INT_CONVERSION = YES;
				CLANG_WARN_OBJC_ROOT_CLASS = YES_ERROR;
				CLANG_WARN__DUPLICATE_METHOD_MATCH = YES;
				COPY_PHASE_STRIP = NO;
				FRAMEWORK_SEARCH_PATHS = (
					"$(SDKROOT)/Developer/Library/Frameworks",
					"$(inherited)",
					"$(DEVELOPER_FRAMEWORKS_DIR)",
				);
				GCC_C_LANGUAGE_STANDARD = gnu99;
				GCC_DYNAMIC_NO_PIC = NO;
				GCC_OPTIMIZATION_LEVEL = 0;
				GCC_PRECOMPILE_PREFIX_HEADER = YES;
				GCC_PREFIX_HEADER = "tests/DDFoundationLibTests-Prefix.pch";
				GCC_PREPROCESSOR_DEFINITIONS = (
					"DEBUG=1",
					"$(inherited)",
				);
				GCC_SYMBOLS_PRIVATE_EXTERN = NO;
				GCC_WARN_64_TO_32_BIT_CONVERSION = YES;
				GCC_WARN_ABOUT_RETURN_TYPE = YES_ERROR;
				GCC_WARN_UNDECLARED_SELECTOR = YES;
				GCC_WARN_UNINITIALIZED_AUTOS = YES;
				GCC_WARN_UNUSED_FUNCTION = YES;
				GCC_WARN_UNUSED_VARIABLE = YES;
				INFOPLIST_FILE = "tests/DDFoundationLibTests-Info.plist";
				IPHONEOS_DEPLOYMENT_TARGET = 7.0;
				ONLY_ACTIVE_ARCH = YES;
				PRODUCT_NAME = "$(TARGET_NAME)";
				SDKROOT = iphoneos;
				WRAPPER_EXTENSION = xctest;
			};
			name = Debug;
		};
/* End XCBuildConfiguration section */

/* Begin XCConfigurationList section */
		3652B34CA6A9F24FF2F78D1F /* Build configuration list for PBXProject "DDFoundation" */ = {
			isa = XCConfigurationList;
			buildConfigurations = (
				3652BAD2B9FDD9155E71FFCE /* Release */,
				3652B059D3A80D087B52AA6D /* Debug */,
			);
			defaultConfigurationIsVisible = 0;
			defaultConfigurationName = Release;
		};
		BB03524718ACE6E2001F0833 /* Build configuration list for PBXNativeTarget "DDFoundationLib" */ = {
			isa = XCConfigurationList;
			buildConfigurations = (
				BB03524318ACE6E2001F0833 /* Release */,
				BB03524418ACE6E2001F0833 /* Debug */,
			);
			defaultConfigurationIsVisible = 0;
			defaultConfigurationName = Release;
		};
		BB03524818ACE6E2001F0833 /* Build configuration list for PBXNativeTarget "DDFoundationLibTests" */ = {
			isa = XCConfigurationList;
			buildConfigurations = (
				BB03524518ACE6E2001F0833 /* Release */,
				BB03524618ACE6E2001F0833 /* Debug */,
			);
			defaultConfigurationIsVisible = 0;
			defaultConfigurationName = Release;
		};
/* End XCConfigurationList section */
	};
	rootObject = 3652BDED9E7207DBBD70D744 /* Project object */;
}
